
Microsoft Visual Studio Solution File, Format Version 12.00
# Visual Studio Version 17
VisualStudioVersion = 17.3.32825.248
MinimumVisualStudioVersion = 10.0.40219.1
Project("{FAE04EC0-301F-11D3-BF4B-00C04F79EFBC}") = "APIFilmes", "APIFilmes\APIFilmes.csproj", "{3DEB1006-87DC-46A2-85BB-7EE9D0D68D5E}"
EndProject
Global
	GlobalSection(SolutionConfigurationPlatforms) = preSolution
		Debug|Any CPU = Debug|Any CPU
		Release|Any CPU = Release|Any CPU
	EndGlobalSection
	GlobalSection(ProjectConfigurationPlatforms) = postSolution
		{3DEB1006-87DC-46A2-85BB-7EE9D0D68D5E}.Debug|Any CPU.ActiveCfg = Debug|Any CPU
		{3DEB1006-87DC-46A2-85BB-7EE9D0D68D5E}.Debug|Any CPU.Build.0 = Debug|Any CPU
		{3DEB1006-87DC-46A2-85BB-7EE9D0D68D5E}.Release|Any CPU.ActiveCfg = Release|Any CPU
		{3DEB1006-87DC-46A2-85BB-7EE9D0D68D5E}.Release|Any CPU.Build.0 = Release|Any CPU
	EndGlobalSection
	GlobalSection(SolutionProperties) = preSolution
		HideSolutionNode = FALSE
	EndGlobalSection
	GlobalSection(ExtensibilityGlobals) = postSolution
		SolutionGuid = {B61EB0E3-E566-4456-9D98-B56107A40CE2}
	EndGlobalSection
EndGlobal
